
Microsoft Visual Studio Solution File, Format Version 12.00
# Visual Studio 2013
VisualStudioVersion = 12.0.30723.0
MinimumVisualStudioVersion = 10.0.40219.1
Project("{FAE04EC0-301F-11D3-BF4B-00C04F79EFBC}") = "AndroidAPNSettings", "DotNet\AndroidAPNSettings\AndroidAPNSettings.csproj", "{35C53B34-3565-4508-9959-D9345C3A0908}"
EndProject
Project("{FAE04EC0-301F-11D3-BF4B-00C04F79EFBC}") = "LiteSocket", "DotNet\LiteSocket\LiteSocket.csproj", "{AF922E54-C72F-4EC0-B23D-BA38F18E96F6}"
EndProject
Global
	GlobalSection(SolutionConfigurationPlatforms) = preSolution
		Debug|Any CPU = Debug|Any CPU
		Release|Any CPU = Release|Any CPU
	EndGlobalSection
	GlobalSection(ProjectConfigurationPlatforms) = postSolution
		{35C53B34-3565-4508-9959-D9345C3A0908}.Debug|Any CPU.ActiveCfg = Debug|Any CPU
		{35C53B34-3565-4508-9959-D9345C3A0908}.Debug|Any CPU.Build.0 = Debug|Any CPU
		{35C53B34-3565-4508-9959-D9345C3A0908}.Release|Any CPU.ActiveCfg = Release|Any CPU
		{35C53B34-3565-4508-9959-D9345C3A0908}.Release|Any CPU.Build.0 = Release|Any CPU
		{AF922E54-C72F-4EC0-B23D-BA38F18E96F6}.Debug|Any CPU.ActiveCfg = Debug|Any CPU
		{AF922E54-C72F-4EC0-B23D-BA38F18E96F6}.Debug|Any CPU.Build.0 = Debug|Any CPU
		{AF922E54-C72F-4EC0-B23D-BA38F18E96F6}.Release|Any CPU.ActiveCfg = Release|Any CPU
		{AF922E54-C72F-4EC0-B23D-BA38F18E96F6}.Release|Any CPU.Build.0 = Release|Any CPU
	EndGlobalSection
	GlobalSection(SolutionProperties) = preSolution
		HideSolutionNode = FALSE
	EndGlobalSection
EndGlobal
